<?xml version="1.0" encoding="utf-8"?>
<Project ToolsVersion="4.0" xmlns="http://schemas.microsoft.com/developer/msbuild/2003">
  <ItemGroup>
    <Filter Include="源文件">
      <UniqueIdentifier>{4FC737F1-C7A5-4376-A066-2A32D752A2FF}</UniqueIdentifier>
      <Extensions>cpp;c;cc;cxx;def;odl;idl;hpj;bat;asm;asmx</Extensions>
    </Filter>
    <Filter Include="头文件">
      <UniqueIdentifier>{93995380-89BD-4b04-88EB-625FBE52EBFB}</UniqueIdentifier>
      <Extensions>h;hh;hpp;hxx;hm;inl;inc;xsd</Extensions>
    </Filter>
    <Filter Include="资源文件">
      <UniqueIdentifier>{67DA6AB6-F800-4c08-8B7A-83BB121AAD01}</UniqueIdentifier>
      <Extensions>rc;ico;cur;bmp;dlg;rc2;rct;bin;rgs;gif;jpg;jpeg;jpe;resx;tiff;tif;png;wav;mfcribbon-ms</Extensions>
    </Filter>
    <Filter Include="Algorithm">
      <UniqueIdentifier>{ffbe45f6-e4f0-4c89-9748-29015b8175dd}</UniqueIdentifier>
    </Filter>
    <Filter Include="Algorithm\Common">
      <UniqueIdentifier>{5203bfd9-adfa-4da6-b392-9385b9817070}</UniqueIdentifier>
    </Filter>
    <Filter Include="Algorithm\B-scanUltrasonography">
      <UniqueIdentifier>{bfa7be8b-6b11-46b6-97ee-fa78a3d14892}</UniqueIdentifier>
    </Filter>
    <Filter Include="Algorithm\Inpaint">
      <UniqueIdentifier>{2893dfb6-c4e8-4dc5-8bb1-464684bce796}</UniqueIdentifier>
    </Filter>
    <Filter Include="Algorithm\Inpaint\inpaint">
      <UniqueIdentifier>{0ac4eab8-fe39-4685-a5bf-903d34f8b880}</UniqueIdentifier>
    </Filter>
  </ItemGroup>
  <ItemGroup>
    <ClInclude Include="common.h">
      <Filter>头文件</Filter>
    </ClInclude>
    <ClInclude Include="MedicalAnalysisSDK.h">
      <Filter>头文件</Filter>
    </ClInclude>
    <ClInclude Include="ErrorCode.h">
      <Filter>头文件</Filter>
    </ClInclude>
    <ClInclude Include="Algorithm\AlgorithmManager.h">
      <Filter>Algorithm</Filter>
    </ClInclude>
    <ClInclude Include="Algorithm\B-scanUltrasonography\BUAnalysis.h">
      <Filter>Algorithm\B-scanUltrasonography</Filter>
    </ClInclude>
    <ClInclude Include="Algorithm\Common\glog.h">
      <Filter>Algorithm\Common</Filter>
    </ClInclude>
    <ClInclude Include="Algorithm\Common\Utils.h">
      <Filter>Algorithm\Common</Filter>
    </ClInclude>
    <ClInclude Include="Algorithm\Inpaint\defineall.h">
      <Filter>Algorithm\Inpaint</Filter>
    </ClInclude>
    <ClInclude Include="Algorithm\Inpaint\inpaint.h">
      <Filter>Algorithm\Inpaint</Filter>
    </ClInclude>
    <ClInclude Include="Algorithm\Inpaint\maskedimage.h">
      <Filter>Algorithm\Inpaint</Filter>
    </ClInclude>
    <ClInclude Include="Algorithm\Inpaint\nearestneighborfield.h">
      <Filter>Algorithm\Inpaint</Filter>
    </ClInclude>
    <ClInclude Include="Algorithm\Inpaint\qualitymesures.h">
      <Filter>Algorithm\Inpaint</Filter>
    </ClInclude>
    <ClInclude Include="Algorithm\Inpaint\structdef.h">
      <Filter>Algorithm\Inpaint</Filter>
    </ClInclude>
    <ClInclude Include="Algorithm\Inpaint\InpaintManager.h">
      <Filter>Algorithm\Inpaint</Filter>
    </ClInclude>
    <ClInclude Include="Algorithm\Inpaint\inpaint\criminisi_inpainter.h">
      <Filter>Algorithm\Inpaint\inpaint</Filter>
    </ClInclude>
    <ClInclude Include="Algorithm\Inpaint\inpaint\gradient.h">
      <Filter>Algorithm\Inpaint\inpaint</Filter>
    </ClInclude>
    <ClInclude Include="Algorithm\Inpaint\inpaint\integral.h">
      <Filter>Algorithm\Inpaint\inpaint</Filter>
    </ClInclude>
    <ClInclude Include="Algorithm\Inpaint\inpaint\mean_shift.h">
      <Filter>Algorithm\Inpaint\inpaint</Filter>
    </ClInclude>
    <ClInclude Include="Algorithm\Inpaint\inpaint\patch.h">
      <Filter>Algorithm\Inpaint\inpaint</Filter>
    </ClInclude>
    <ClInclude Include="Algorithm\Inpaint\inpaint\patch_match.h">
      <Filter>Algorithm\Inpaint\inpaint</Filter>
    </ClInclude>
    <ClInclude Include="Algorithm\Inpaint\inpaint\pyramid.h">
      <Filter>Algorithm\Inpaint\inpaint</Filter>
    </ClInclude>
    <ClInclude Include="Algorithm\Inpaint\inpaint\stats.h">
      <Filter>Algorithm\Inpaint\inpaint</Filter>
    </ClInclude>
    <ClInclude Include="Algorithm\Inpaint\inpaint\template_match_candidates.h">
      <Filter>Algorithm\Inpaint\inpaint</Filter>
    </ClInclude>
    <ClInclude Include="Algorithm\Inpaint\inpaint\timer.h">
      <Filter>Algorithm\Inpaint\inpaint</Filter>
    </ClInclude>
  </ItemGroup>
  <ItemGroup>
    <ClCompile Include="MedicalAnalysisSDK.cpp">
      <Filter>源文件</Filter>
    </ClCompile>
    <ClCompile Include="Algorithm\AlgorithmManager.cpp">
      <Filter>Algorithm</Filter>
    </ClCompile>
    <ClCompile Include="Algorithm\B-scanUltrasonography\BUAnalysis.cpp">
      <Filter>Algorithm\B-scanUltrasonography</Filter>
    </ClCompile>
    <ClCompile Include="Algorithm\Common\glog.cpp">
      <Filter>Algorithm\Common</Filter>
    </ClCompile>
    <ClCompile Include="Algorithm\Common\Utils.cpp">
      <Filter>Algorithm\Common</Filter>
    </ClCompile>
    <ClCompile Include="Algorithm\Inpaint\inpaint.cpp">
      <Filter>Algorithm\Inpaint</Filter>
    </ClCompile>
    <ClCompile Include="Algorithm\Inpaint\maskedimage.cpp">
      <Filter>Algorithm\Inpaint</Filter>
    </ClCompile>
    <ClCompile Include="Algorithm\Inpaint\nearestneighborfield.cpp">
      <Filter>Algorithm\Inpaint</Filter>
    </ClCompile>
    <ClCompile Include="Algorithm\Inpaint\qualitymesures.cpp">
      <Filter>Algorithm\Inpaint</Filter>
    </ClCompile>
    <ClCompile Include="Algorithm\Inpaint\InpaintManager.cpp">
      <Filter>Algorithm\Inpaint</Filter>
    </ClCompile>
    <ClCompile Include="Algorithm\Inpaint\defineall.cpp">
      <Filter>Algorithm\Inpaint</Filter>
    </ClCompile>
    <ClCompile Include="Algorithm\Inpaint\inpaint\criminisi_inpainter.cpp">
      <Filter>Algorithm\Inpaint\inpaint</Filter>
    </ClCompile>
    <ClCompile Include="Algorithm\Inpaint\inpaint\mean_shift.cpp">
      <Filter>Algorithm\Inpaint\inpaint</Filter>
    </ClCompile>
    <ClCompile Include="Algorithm\Inpaint\inpaint\patch_match.cpp">
      <Filter>Algorithm\Inpaint\inpaint</Filter>
    </ClCompile>
    <ClCompile Include="Algorithm\Inpaint\inpaint\pyramid.cpp">
      <Filter>Algorithm\Inpaint\inpaint</Filter>
    </ClCompile>
    <ClCompile Include="Algorithm\Inpaint\inpaint\template_match_candidates.cpp">
      <Filter>Algorithm\Inpaint\inpaint</Filter>
    </ClCompile>
  </ItemGroup>
</Project>